
Microsoft Visual Studio Solution File, Format Version 12.00
# Visual Studio Version 16
VisualStudioVersion = 16.0.30717.126
MinimumVisualStudioVersion = 10.0.40219.1
Project("{FAE04EC0-301F-11D3-BF4B-00C04F79EFBC}") = "Bbltk", "Bbltk.csproj", "{6BACF01D-2895-4859-9C1A-D5BFBA395819}"
EndProject
Project("{FAE04EC0-301F-11D3-BF4B-00C04F79EFBC}") = "Baza_D_Bbltk", "..\Baza_D_Bbltk\Baza_D_Bbltk.csproj", "{A5537157-618B-4267-832F-71153FCF1A82}"
EndProject
Global
	GlobalSection(SolutionConfigurationPlatforms) = preSolution
		Debug|Any CPU = Debug|Any CPU
		Release|Any CPU = Release|Any CPU
	EndGlobalSection
	GlobalSection(ProjectConfigurationPlatforms) = postSolution
		{6BACF01D-2895-4859-9C1A-D5BFBA395819}.Debug|Any CPU.ActiveCfg = Debug|Any CPU
		{6BACF01D-2895-4859-9C1A-D5BFBA395819}.Debug|Any CPU.Build.0 = Debug|Any CPU
		{6BACF01D-2895-4859-9C1A-D5BFBA395819}.Release|Any CPU.ActiveCfg = Release|Any CPU
		{6BACF01D-2895-4859-9C1A-D5BFBA395819}.Release|Any CPU.Build.0 = Release|Any CPU
		{A5537157-618B-4267-832F-71153FCF1A82}.Debug|Any CPU.ActiveCfg = Debug|Any CPU
		{A5537157-618B-4267-832F-71153FCF1A82}.Debug|Any CPU.Build.0 = Debug|Any CPU
		{A5537157-618B-4267-832F-71153FCF1A82}.Release|Any CPU.ActiveCfg = Release|Any CPU
		{A5537157-618B-4267-832F-71153FCF1A82}.Release|Any CPU.Build.0 = Release|Any CPU
	EndGlobalSection
	GlobalSection(SolutionProperties) = preSolution
		HideSolutionNode = FALSE
	EndGlobalSection
	GlobalSection(ExtensibilityGlobals) = postSolution
		SolutionGuid = {EC473C8F-82B6-4CF8-BC03-DD6BED4A421A}
	EndGlobalSection
EndGlobal
